{
  "name": "commerce",
  "requires": true,
  "lockfileVersion": 1,
  "dependencies": {
    "@ndhoule/each": {
      "version": "2.0.1",
      "resolved": "https://registry.npmjs.org/@ndhoule/each/-/each-2.0.1.tgz",
      "integrity": "sha1-u+03KmA+BxOjGTxwanPd68W0Jqk=",
      "requires": {
        "@ndhoule/keys": "^2.0.0"
      }
    },
    "@ndhoule/keys": {
      "version": "2.0.0",
      "resolved": "https://registry.npmjs.org/@ndhoule/keys/-/keys-2.0.0.tgz",
      "integrity": "sha1-PWSuZ3xlomF0e/OkV8YuspKk4M4="
    },
    "@ndhoule/map": {
      "version": "2.0.1",
      "resolved": "https://registry.npmjs.org/@ndhoule/map/-/map-2.0.1.tgz",
      "integrity": "sha1-9coKR0JOpn9G4qbUmbnpvIhq76g=",
      "requires": {
        "@ndhoule/each": "^2.0.1"
      }
    },
    "@segment/snippet": {
      "version": "4.15.3",
      "resolved": "https://registry.npmjs.org/@segment/snippet/-/snippet-4.15.3.tgz",
      "integrity": "sha512-75kVTYaQGYMkwVjJvCLLOlzxV8jCDxvKG68U88joo/rBx95SIXETcjUmIXF6A7SFRCgz83B+zrZbo+JYsmHkig==",
      "requires": {
        "@ndhoule/map": "^2.0.1"
      }
    },
    "@stripe/react-stripe-js": {
      "version": "1.8.1",
      "resolved": "https://registry.npmjs.org/@stripe/react-stripe-js/-/react-stripe-js-1.8.1.tgz",
      "integrity": "sha512-8TpHu87zWSX/PhMMIC2C0jYXKl53kdiHz7bDSfLDs2oIynbV5L9cyoCZ1NuTllrNvFtd28fOqPc4IikZYRRDew==",
      "requires": {
        "prop-types": "^15.7.2"
      }
    },
    "@stripe/stripe-js": {
      "version": "1.30.0",
      "resolved": "https://registry.npmjs.org/@stripe/stripe-js/-/stripe-js-1.30.0.tgz",
      "integrity": "sha512-o8CROwHN0YlGhKSGBtHXoRFzOQkYTX86xE+ZjxTSFv8dlO/c6txfjs2hQSHW6Cb+nC6U4OYjYQUiG3lJHX5GlQ=="
    },
    "eslint-plugin-react-hooks": {
      "version": "4.5.0",
      "resolved": "https://registry.npmjs.org/eslint-plugin-react-hooks/-/eslint-plugin-react-hooks-4.5.0.tgz",
      "integrity": "sha512-8k1gRt7D7h03kd+SAAlzXkQwWK22BnK6GKZG+FJA6BAGy22CFvl8kCIXKpVux0cCxMWDQUPqSok0LKaZ0aOcCw==",
      "dev": true
    },
    "husky": {
      "version": "7.0.4",
      "resolved": "https://registry.npmjs.org/husky/-/husky-7.0.4.tgz",
      "integrity": "sha512-vbaCKN2QLtP/vD4yvs6iz6hBEo6wkSzs8HpRah1Z6aGmF2KW5PdYuAd7uX5a+OyBZHBhd+TFLqgjUgytQr4RvQ==",
      "dev": true
    },
    "js-tokens": {
      "version": "4.0.0",
      "resolved": "https://registry.npmjs.org/js-tokens/-/js-tokens-4.0.0.tgz",
      "integrity": "sha512-RdJUflcE3cUzKiMqQgsCu06FPu9UdIJO0beYbPhHN4k6apgJtifcoCtT9bcxOpYBtpD2kCM6Sbzg4CausW/PKQ=="
    },
    "loose-envify": {
      "version": "1.4.0",
      "resolved": "https://registry.npmjs.org/loose-envify/-/loose-envify-1.4.0.tgz",
      "integrity": "sha512-lyuxPGr/Wfhrlem2CL/UcnUc1zcqKAImBDzukY7Y5F/yQiNdko6+fRLevlw1HgMySw7f611UIY408EtxRSoK3Q==",
      "requires": {
        "js-tokens": "^3.0.0 || ^4.0.0"
      }
    },
    "object-assign": {
      "version": "4.1.1",
      "resolved": "https://registry.npmjs.org/object-assign/-/object-assign-4.1.1.tgz",
      "integrity": "sha1-IQmtx5ZYh8/AXLvUQsrIv7s2CGM="
    },
    "prettier": {
      "version": "2.5.1",
      "resolved": "https://registry.npmjs.org/prettier/-/prettier-2.5.1.tgz",
      "integrity": "sha512-vBZcPRUR5MZJwoyi3ZoyQlc1rXeEck8KgeC9AwwOn+exuxLxq5toTRDTSaVrXHxelDMHy9zlicw8u66yxoSUFg==",
      "dev": true
    },
    "prop-types": {
      "version": "15.8.1",
      "resolved": "https://registry.npmjs.org/prop-types/-/prop-types-15.8.1.tgz",
      "integrity": "sha512-oj87CgZICdulUohogVAR7AjlC0327U4el4L6eAvOqCeudMDVU0NThNaV+b9Df4dXgSP1gXMTnPdhfe/2qDH5cg==",
      "requires": {
        "loose-envify": "^1.4.0",
        "object-assign": "^4.1.1",
        "react-is": "^16.13.1"
      }
    },
    "react-is": {
      "version": "16.13.1",
      "resolved": "https://registry.npmjs.org/react-is/-/react-is-16.13.1.tgz",
      "integrity": "sha512-24e6ynE2H+OKt4kqsOvNd8kBpV65zoxbA4BVsEOB3ARVWQki/DHzaUoC5KuON/BiccDaCCTZBuOcfZs70kR8bQ=="
    },
    "turbo": {
      "version": "1.1.2",
      "resolved": "https://registry.npmjs.org/turbo/-/turbo-1.1.2.tgz",
      "integrity": "sha512-3ViHKyAkaBKNKwHASTa1zkVT3tVVhQNLrpxBS7LoN+794ouQUYmy6lf0rTqzG3iTZHtIDwC+piZSdTl4XjEVMg==",
      "dev": true,
      "requires": {
        "turbo-darwin-64": "1.1.2",
        "turbo-darwin-arm64": "1.1.2",
        "turbo-freebsd-64": "1.1.2",
        "turbo-freebsd-arm64": "1.1.2",
        "turbo-linux-32": "1.1.2",
        "turbo-linux-64": "1.1.2",
        "turbo-linux-arm": "1.1.2",
        "turbo-linux-arm64": "1.1.2",
        "turbo-linux-mips64le": "1.1.2",
        "turbo-linux-ppc64le": "1.1.2",
        "turbo-windows-32": "1.1.2",
        "turbo-windows-64": "1.1.2"
      }
    },
    "turbo-darwin-64": {
      "version": "1.1.2",
      "resolved": "https://registry.npmjs.org/turbo-darwin-64/-/turbo-darwin-64-1.1.2.tgz",
      "integrity": "sha512-rua17HnVvAqAU54gVfiQoH7cfopOqANv+yI6NtxLMD8aFfX2cJ9m8SSvH2v2vCaToNDW6OnTkdqDKQpqIHzbCw==",
      "dev": true,
      "optional": true
    },
    "turbo-darwin-arm64": {
      "version": "1.1.2",
      "resolved": "https://registry.npmjs.org/turbo-darwin-arm64/-/turbo-darwin-arm64-1.1.2.tgz",
      "integrity": "sha512-otqSQNYDyKg0KqB3NM0BI4oiRPKdJkUE/XBn8dcUS+zeRLrL00XtaM0eSwynZs1tb6zU/Y+SPMSBRygD1TCOnw==",
      "dev": true,
      "optional": true
    },
    "turbo-freebsd-64": {
      "version": "1.1.2",
      "resolved": "https://registry.npmjs.org/turbo-freebsd-64/-/turbo-freebsd-64-1.1.2.tgz",
      "integrity": "sha512-2nxwVDTAM0DtIQ2i3UOfEsQLF7vp+XZ/b9SKtiHxz710fXvdyuGivYI25axDdcBn8kQ45rnbUnarF1aW8CMGgg==",
      "dev": true,
      "optional": true
    },
    "turbo-freebsd-arm64": {
      "version": "1.1.2",
      "resolved": "https://registry.npmjs.org/turbo-freebsd-arm64/-/turbo-freebsd-arm64-1.1.2.tgz",
      "integrity": "sha512-ro1Ah96yzgzyT0BJe1mceAqxPxi0pUwzAvN3IKVpMqi4hYkT3aRbzDCaSxzyC6let2Al/NUsgHnbAv38OF2Xkw==",
      "dev": true,
      "optional": true
    },
    "turbo-linux-32": {
      "version": "1.1.2",
      "resolved": "https://registry.npmjs.org/turbo-linux-32/-/turbo-linux-32-1.1.2.tgz",
      "integrity": "sha512-HKBsETxQMVaf/DJwMg7pypPbGA6KEu0gEf9C8o2aPJvwMPBYgNsNaU08Xizuh5xzEQTzpbIWfQyqdNgMV4RG3Q==",
      "dev": true,
      "optional": true
    },
    "turbo-linux-64": {
      "version": "1.1.2",
      "resolved": "https://registry.npmjs.org/turbo-linux-64/-/turbo-linux-64-1.1.2.tgz",
      "integrity": "sha512-IklKsOklcRHIWkTzKg95BQ6jgJ53kLvRMrp8yqzlvZprkWdiyhAgUxrUTTHOOTce2XA3+jdN2+MwixG44uY2vg==",
      "dev": true,
      "optional": true
    },
    "turbo-linux-arm": {
      "version": "1.1.2",
      "resolved": "https://registry.npmjs.org/turbo-linux-arm/-/turbo-linux-arm-1.1.2.tgz",
      "integrity": "sha512-CNbaTvRozq7H/5jpy9OZlzJ6BkeEXF+nF2n9dHiUrbAXd3nq84Qt9odcQJmGnexP19YS9w6l3tIHncX4BgwtqA==",
      "dev": true,
      "optional": true
    },
    "turbo-linux-arm64": {
      "version": "1.1.2",
      "resolved": "https://registry.npmjs.org/turbo-linux-arm64/-/turbo-linux-arm64-1.1.2.tgz",
      "integrity": "sha512-3kS6sk2lOtuBBqkcL+yeGqD1yew4UZ1o7XUcbDD8UPwhF2kAfK7Qs0vTJw4lnO1scjhihkoTrmXM7yozvjf4/w==",
      "dev": true,
      "optional": true
    },
    "turbo-linux-mips64le": {
      "version": "1.1.2",
      "resolved": "https://registry.npmjs.org/turbo-linux-mips64le/-/turbo-linux-mips64le-1.1.2.tgz",
      "integrity": "sha512-CDoXVIlW43C6KLgYxe13KkG8h6DswXHxbTVHiZdOwRQ56j46lU+JOVpLoh6wpQGcHvj58VEiypZBRTGVFMeogw==",
      "dev": true,
      "optional": true
    },
    "turbo-linux-ppc64le": {
      "version": "1.1.2",
      "resolved": "https://registry.npmjs.org/turbo-linux-ppc64le/-/turbo-linux-ppc64le-1.1.2.tgz",
      "integrity": "sha512-xPVMHoiOJE/qI63jSOXwYIUFQXLdstxDV6fLnRxvq0QnJNxgTKq+mLUeE8M4LDVh1bdqHLcfk/HmyQ6+X1XVkQ==",
      "dev": true,
      "optional": true
    },
    "turbo-windows-32": {
      "version": "1.1.2",
      "resolved": "https://registry.npmjs.org/turbo-windows-32/-/turbo-windows-32-1.1.2.tgz",
      "integrity": "sha512-Gj1yvPE0aMDSOxGVSBaecLnwsVDT1xX8U0dtLrg52TYY2jlaci0atjHKr9nTFuX7z8uwAf6PopwdriGoCeT3ng==",
      "dev": true,
      "optional": true
    },
    "turbo-windows-64": {
      "version": "1.1.2",
      "resolved": "https://registry.npmjs.org/turbo-windows-64/-/turbo-windows-64-1.1.2.tgz",
      "integrity": "sha512-0Ncx/iKhnKrdAU8hJ+8NUcF9jtFr8KoW5mMWfiFzy+mgUbVKbpzWT2eoGR6zJExedQsRvYOejbEX5iihbnj5bA==",
      "dev": true,
      "optional": true
    }
  }
}
